
Microsoft Visual Studio Solution File, Format Version 12.00
# Visual Studio Version 17
VisualStudioVersion = 17.0.32112.339
MinimumVisualStudioVersion = 10.0.40219.1
Project("{9A19103F-16F7-4668-BE54-9A1E7A4F7556}") = "Budget_ClassLib", "Budget_ClassLib\Budget_ClassLib.csproj", "{75E4817E-E552-4BF3-BBDC-CD983BAB6D66}"
EndProject
Project("{9A19103F-16F7-4668-BE54-9A1E7A4F7556}") = "BudgetApp_WPF", "BudgetApp_WPF\BudgetApp_WPF.csproj", "{73A79F19-EEE5-475A-8DDF-02BEBABFE33F}"
EndProject
Project("{00D1A9C2-B5F0-4AF3-8072-F6C62B433612}") = "BudgetApp_Db", "BudgetApp_Db\BudgetApp_Db.sqlproj", "{51012598-B93E-4098-BDAC-98FA057E1E5E}"
EndProject
Global
	GlobalSection(SolutionConfigurationPlatforms) = preSolution
		Debug|Any CPU = Debug|Any CPU
		Release|Any CPU = Release|Any CPU
	EndGlobalSection
	GlobalSection(ProjectConfigurationPlatforms) = postSolution
		{75E4817E-E552-4BF3-BBDC-CD983BAB6D66}.Debug|Any CPU.ActiveCfg = Debug|Any CPU
		{75E4817E-E552-4BF3-BBDC-CD983BAB6D66}.Debug|Any CPU.Build.0 = Debug|Any CPU
		{75E4817E-E552-4BF3-BBDC-CD983BAB6D66}.Release|Any CPU.ActiveCfg = Release|Any CPU
		{75E4817E-E552-4BF3-BBDC-CD983BAB6D66}.Release|Any CPU.Build.0 = Release|Any CPU
		{73A79F19-EEE5-475A-8DDF-02BEBABFE33F}.Debug|Any CPU.ActiveCfg = Debug|Any CPU
		{73A79F19-EEE5-475A-8DDF-02BEBABFE33F}.Debug|Any CPU.Build.0 = Debug|Any CPU
		{73A79F19-EEE5-475A-8DDF-02BEBABFE33F}.Release|Any CPU.ActiveCfg = Release|Any CPU
		{73A79F19-EEE5-475A-8DDF-02BEBABFE33F}.Release|Any CPU.Build.0 = Release|Any CPU
		{51012598-B93E-4098-BDAC-98FA057E1E5E}.Debug|Any CPU.ActiveCfg = Debug|Any CPU
		{51012598-B93E-4098-BDAC-98FA057E1E5E}.Debug|Any CPU.Build.0 = Debug|Any CPU
		{51012598-B93E-4098-BDAC-98FA057E1E5E}.Debug|Any CPU.Deploy.0 = Debug|Any CPU
		{51012598-B93E-4098-BDAC-98FA057E1E5E}.Release|Any CPU.ActiveCfg = Release|Any CPU
		{51012598-B93E-4098-BDAC-98FA057E1E5E}.Release|Any CPU.Build.0 = Release|Any CPU
		{51012598-B93E-4098-BDAC-98FA057E1E5E}.Release|Any CPU.Deploy.0 = Release|Any CPU
	EndGlobalSection
	GlobalSection(SolutionProperties) = preSolution
		HideSolutionNode = FALSE
	EndGlobalSection
	GlobalSection(ExtensibilityGlobals) = postSolution
		SolutionGuid = {CBEEDED3-FB0D-4239-9A6F-2D0B58F809A6}
	EndGlobalSection
EndGlobal
